
Microsoft Visual Studio Solution File, Format Version 12.00
# Visual Studio Version 16
VisualStudioVersion = 16.0.29123.88
MinimumVisualStudioVersion = 10.0.40219.1
Project("{FAE04EC0-301F-11D3-BF4B-00C04F79EFBC}") = "1-PrimeiroProjeto", "1-PrimeiroProjeto\1-PrimeiroProjeto.csproj", "{47DAF091-BD0E-4492-9185-FE8ED8128E8A}"
EndProject
Project("{FAE04EC0-301F-11D3-BF4B-00C04F79EFBC}") = "2-CriandoVariaveis", "2-CriandoVariaveis\2-CriandoVariaveis.csproj", "{1288D3C4-625C-487F-A44E-86C02E3244C8}"
EndProject
Project("{FAE04EC0-301F-11D3-BF4B-00C04F79EFBC}") = "CriandoVariaveisExercícios", "CriandoVariaveisExercícios\CriandoVariaveisExercícios.csproj", "{71BAA166-3A9D-4E40-A01B-65D12D5DF23A}"
EndProject
Project("{FAE04EC0-301F-11D3-BF4B-00C04F79EFBC}") = "3-CriandoVariaveisPontoFlutuante", "3-CriandoVariaveisPontoFlutuante\3-CriandoVariaveisPontoFlutuante.csproj", "{2FF74413-B3F7-4E30-94A1-31CE8EEB3C1F}"
EndProject
Project("{FAE04EC0-301F-11D3-BF4B-00C04F79EFBC}") = "4-ConversoesEOutrosTiposNumericos", "4-ConversoesEOutrosTiposNumericos\4-ConversoesEOutrosTiposNumericos.csproj", "{985F20AF-7D7D-4741-B6C0-84876D786890}"
EndProject
Project("{FAE04EC0-301F-11D3-BF4B-00C04F79EFBC}") = "5-CaracteresETextos", "5-CaracteresETextos\5-CaracteresETextos.csproj", "{413FCBD3-D3D0-41FD-8A99-8B092CBBCC1E}"
EndProject
Global
	GlobalSection(SolutionConfigurationPlatforms) = preSolution
		Debug|Any CPU = Debug|Any CPU
		Release|Any CPU = Release|Any CPU
	EndGlobalSection
	GlobalSection(ProjectConfigurationPlatforms) = postSolution
		{47DAF091-BD0E-4492-9185-FE8ED8128E8A}.Debug|Any CPU.ActiveCfg = Debug|Any CPU
		{47DAF091-BD0E-4492-9185-FE8ED8128E8A}.Debug|Any CPU.Build.0 = Debug|Any CPU
		{47DAF091-BD0E-4492-9185-FE8ED8128E8A}.Release|Any CPU.ActiveCfg = Release|Any CPU
		{47DAF091-BD0E-4492-9185-FE8ED8128E8A}.Release|Any CPU.Build.0 = Release|Any CPU
		{1288D3C4-625C-487F-A44E-86C02E3244C8}.Debug|Any CPU.ActiveCfg = Debug|Any CPU
		{1288D3C4-625C-487F-A44E-86C02E3244C8}.Debug|Any CPU.Build.0 = Debug|Any CPU
		{1288D3C4-625C-487F-A44E-86C02E3244C8}.Release|Any CPU.ActiveCfg = Release|Any CPU
		{1288D3C4-625C-487F-A44E-86C02E3244C8}.Release|Any CPU.Build.0 = Release|Any CPU
		{71BAA166-3A9D-4E40-A01B-65D12D5DF23A}.Debug|Any CPU.ActiveCfg = Debug|Any CPU
		{71BAA166-3A9D-4E40-A01B-65D12D5DF23A}.Debug|Any CPU.Build.0 = Debug|Any CPU
		{71BAA166-3A9D-4E40-A01B-65D12D5DF23A}.Release|Any CPU.ActiveCfg = Release|Any CPU
		{71BAA166-3A9D-4E40-A01B-65D12D5DF23A}.Release|Any CPU.Build.0 = Release|Any CPU
		{2FF74413-B3F7-4E30-94A1-31CE8EEB3C1F}.Debug|Any CPU.ActiveCfg = Debug|Any CPU
		{2FF74413-B3F7-4E30-94A1-31CE8EEB3C1F}.Debug|Any CPU.Build.0 = Debug|Any CPU
		{2FF74413-B3F7-4E30-94A1-31CE8EEB3C1F}.Release|Any CPU.ActiveCfg = Release|Any CPU
		{2FF74413-B3F7-4E30-94A1-31CE8EEB3C1F}.Release|Any CPU.Build.0 = Release|Any CPU
		{985F20AF-7D7D-4741-B6C0-84876D786890}.Debug|Any CPU.ActiveCfg = Debug|Any CPU
		{985F20AF-7D7D-4741-B6C0-84876D786890}.Debug|Any CPU.Build.0 = Debug|Any CPU
		{985F20AF-7D7D-4741-B6C0-84876D786890}.Release|Any CPU.ActiveCfg = Release|Any CPU
		{985F20AF-7D7D-4741-B6C0-84876D786890}.Release|Any CPU.Build.0 = Release|Any CPU
		{413FCBD3-D3D0-41FD-8A99-8B092CBBCC1E}.Debug|Any CPU.ActiveCfg = Debug|Any CPU
		{413FCBD3-D3D0-41FD-8A99-8B092CBBCC1E}.Debug|Any CPU.Build.0 = Debug|Any CPU
		{413FCBD3-D3D0-41FD-8A99-8B092CBBCC1E}.Release|Any CPU.ActiveCfg = Release|Any CPU
		{413FCBD3-D3D0-41FD-8A99-8B092CBBCC1E}.Release|Any CPU.Build.0 = Release|Any CPU
	EndGlobalSection
	GlobalSection(SolutionProperties) = preSolution
		HideSolutionNode = FALSE
	EndGlobalSection
	GlobalSection(ExtensibilityGlobals) = postSolution
		SolutionGuid = {15971409-7272-4336-A190-A4C2B1C3F5EC}
	EndGlobalSection
EndGlobal
